
Microsoft Visual Studio Solution File, Format Version 12.00
# Visual Studio Version 17
VisualStudioVersion = 17.10.34916.146
MinimumVisualStudioVersion = 10.0.40219.1
Project("{FAE04EC0-301F-11D3-BF4B-00C04F79EFBC}") = "TESTapp1", "TESTapp1\TESTapp1.csproj", "{840D7DFC-C993-4947-BECD-2CF918CC90E8}"
EndProject
Global
	GlobalSection(SolutionConfigurationPlatforms) = preSolution
		Debug|Any CPU = Debug|Any CPU
		Release|Any CPU = Release|Any CPU
	EndGlobalSection
	GlobalSection(ProjectConfigurationPlatforms) = postSolution
		{840D7DFC-C993-4947-BECD-2CF918CC90E8}.Debug|Any CPU.ActiveCfg = Debug|Any CPU
		{840D7DFC-C993-4947-BECD-2CF918CC90E8}.Debug|Any CPU.Build.0 = Debug|Any CPU
		{840D7DFC-C993-4947-BECD-2CF918CC90E8}.Release|Any CPU.ActiveCfg = Release|Any CPU
		{840D7DFC-C993-4947-BECD-2CF918CC90E8}.Release|Any CPU.Build.0 = Release|Any CPU
	EndGlobalSection
	GlobalSection(SolutionProperties) = preSolution
		HideSolutionNode = FALSE
	EndGlobalSection
	GlobalSection(ExtensibilityGlobals) = postSolution
		SolutionGuid = {48B63FB9-F84E-4579-8294-84F33BBCE2DD}
	EndGlobalSection
EndGlobal
